
Microsoft Visual Studio Solution File, Format Version 12.00
# Visual Studio Version 17
VisualStudioVersion = 17.10.35013.160
MinimumVisualStudioVersion = 10.0.40219.1
Project("{FAE04EC0-301F-11D3-BF4B-00C04F79EFBC}") = "PlateRate", "PlateRate\PlateRate.csproj", "{CA5737B5-9755-4A34-91C8-EAD7DA315EB6}"
EndProject
Global
	GlobalSection(SolutionConfigurationPlatforms) = preSolution
		Debug|Any CPU = Debug|Any CPU
		Release|Any CPU = Release|Any CPU
	EndGlobalSection
	GlobalSection(ProjectConfigurationPlatforms) = postSolution
		{CA5737B5-9755-4A34-91C8-EAD7DA315EB6}.Debug|Any CPU.ActiveCfg = Debug|Any CPU
		{CA5737B5-9755-4A34-91C8-EAD7DA315EB6}.Debug|Any CPU.Build.0 = Debug|Any CPU
		{CA5737B5-9755-4A34-91C8-EAD7DA315EB6}.Release|Any CPU.ActiveCfg = Release|Any CPU
		{CA5737B5-9755-4A34-91C8-EAD7DA315EB6}.Release|Any CPU.Build.0 = Release|Any CPU
	EndGlobalSection
	GlobalSection(SolutionProperties) = preSolution
		HideSolutionNode = FALSE
	EndGlobalSection
	GlobalSection(ExtensibilityGlobals) = postSolution
		SolutionGuid = {F04E2A92-0252-4999-A5AB-3446C4438F15}
	EndGlobalSection
EndGlobal
